
Microsoft Visual Studio Solution File, Format Version 12.00
# Visual Studio 14
VisualStudioVersion = 14.0.25420.1
MinimumVisualStudioVersion = 10.0.40219.1
Project("{FAE04EC0-301F-11D3-BF4B-00C04F79EFBC}") = "DIRETIVA", "DIRETIVA\DIRETIVA.csproj", "{EA6AABE6-91C9-47ED-99D4-742CAA83B7ED}"
EndProject
Project("{FAE04EC0-301F-11D3-BF4B-00C04F79EFBC}") = "CLASSES", "CLASSES\CLASSES.csproj", "{BE7F8E1D-DFB4-4E32-9188-0C417086D3E8}"
EndProject
Project("{FAE04EC0-301F-11D3-BF4B-00C04F79EFBC}") = "NEGOCIO", "NEGOCIO\NEGOCIO.csproj", "{EA823757-17B8-4BAD-B7B0-F97571A88259}"
EndProject
Project("{FAE04EC0-301F-11D3-BF4B-00C04F79EFBC}") = "BANCO", "BANCO\BANCO.csproj", "{87F4B086-BF22-46A6-AC3B-441F276C9B2A}"
EndProject
Global
	GlobalSection(SolutionConfigurationPlatforms) = preSolution
		Debug|Any CPU = Debug|Any CPU
		Release|Any CPU = Release|Any CPU
	EndGlobalSection
	GlobalSection(ProjectConfigurationPlatforms) = postSolution
		{EA6AABE6-91C9-47ED-99D4-742CAA83B7ED}.Debug|Any CPU.ActiveCfg = Debug|Any CPU
		{EA6AABE6-91C9-47ED-99D4-742CAA83B7ED}.Debug|Any CPU.Build.0 = Debug|Any CPU
		{EA6AABE6-91C9-47ED-99D4-742CAA83B7ED}.Release|Any CPU.ActiveCfg = Release|Any CPU
		{EA6AABE6-91C9-47ED-99D4-742CAA83B7ED}.Release|Any CPU.Build.0 = Release|Any CPU
		{BE7F8E1D-DFB4-4E32-9188-0C417086D3E8}.Debug|Any CPU.ActiveCfg = Debug|Any CPU
		{BE7F8E1D-DFB4-4E32-9188-0C417086D3E8}.Debug|Any CPU.Build.0 = Debug|Any CPU
		{BE7F8E1D-DFB4-4E32-9188-0C417086D3E8}.Release|Any CPU.ActiveCfg = Release|Any CPU
		{BE7F8E1D-DFB4-4E32-9188-0C417086D3E8}.Release|Any CPU.Build.0 = Release|Any CPU
		{EA823757-17B8-4BAD-B7B0-F97571A88259}.Debug|Any CPU.ActiveCfg = Debug|Any CPU
		{EA823757-17B8-4BAD-B7B0-F97571A88259}.Debug|Any CPU.Build.0 = Debug|Any CPU
		{EA823757-17B8-4BAD-B7B0-F97571A88259}.Release|Any CPU.ActiveCfg = Release|Any CPU
		{EA823757-17B8-4BAD-B7B0-F97571A88259}.Release|Any CPU.Build.0 = Release|Any CPU
		{87F4B086-BF22-46A6-AC3B-441F276C9B2A}.Debug|Any CPU.ActiveCfg = Debug|Any CPU
		{87F4B086-BF22-46A6-AC3B-441F276C9B2A}.Debug|Any CPU.Build.0 = Debug|Any CPU
		{87F4B086-BF22-46A6-AC3B-441F276C9B2A}.Release|Any CPU.ActiveCfg = Release|Any CPU
		{87F4B086-BF22-46A6-AC3B-441F276C9B2A}.Release|Any CPU.Build.0 = Release|Any CPU
	EndGlobalSection
	GlobalSection(SolutionProperties) = preSolution
		HideSolutionNode = FALSE
	EndGlobalSection
EndGlobal
